hash: 61caa47b3036f843ed0d634b4aac6c78723bd493e26aebc3165d5805bd09b572
updated: 2016-09-30T00:01:51.685668703+01:00
imports:
- name: github.com/julienschmidt/httprouter
  version: 8c199fb6259ffc1af525cc3ad52ee60ba8359669
- name: github.com/Sirupsen/logrus
  version: 4b6ea7319e214d98c938f12692336f7ca9348d6b
testImports: []
